
Microsoft Visual Studio Solution File, Format Version 12.00
# Visual Studio Version 16
VisualStudioVersion = 16.0.29424.173
MinimumVisualStudioVersion = 10.0.40219.1
Project("{FAE04EC0-301F-11D3-BF4B-00C04F79EFBC}") = "ClassLibrary", "ClassLibrary\ClassLibrary.csproj", "{AEFA72D9-5294-41FF-89BF-0E1B2BAD4B3C}"
EndProject
Global
	GlobalSection(SolutionConfigurationPlatforms) = preSolution
		Debug|Any CPU = Debug|Any CPU
		Release|Any CPU = Release|Any CPU
	EndGlobalSection
	GlobalSection(ProjectConfigurationPlatforms) = postSolution
		{AEFA72D9-5294-41FF-89BF-0E1B2BAD4B3C}.Debug|Any CPU.ActiveCfg = Debug|Any CPU
		{AEFA72D9-5294-41FF-89BF-0E1B2BAD4B3C}.Debug|Any CPU.Build.0 = Debug|Any CPU
		{AEFA72D9-5294-41FF-89BF-0E1B2BAD4B3C}.Release|Any CPU.ActiveCfg = Release|Any CPU
		{AEFA72D9-5294-41FF-89BF-0E1B2BAD4B3C}.Release|Any CPU.Build.0 = Release|Any CPU
	EndGlobalSection
	GlobalSection(SolutionProperties) = preSolution
		HideSolutionNode = FALSE
	EndGlobalSection
	GlobalSection(ExtensibilityGlobals) = postSolution
		SolutionGuid = {47E3B850-D5E6-44F3-9801-C7844C2BE693}
	EndGlobalSection
EndGlobal
